
Microsoft Visual Studio Solution File, Format Version 12.00
# Visual Studio Version 17
VisualStudioVersion = 17.11.35327.3
MinimumVisualStudioVersion = 10.0.40219.1
Project("{9A19103F-16F7-4668-BE54-9A1E7A4F7556}") = "WinFormsApp1", "WinFormsApp1\WinFormsApp1.csproj", "{A84F447B-9741-48DC-A5A4-EF19E5AC11AE}"
EndProject
Project("{2150E333-8FDC-42A3-9474-1A3956D46DE8}") = "Solution Items", "Solution Items", "{E6C0002C-95B4-4231-9AAD-BC4F924A61B0}"
	ProjectSection(SolutionItems) = preProject
		.editorconfig = .editorconfig
	EndProjectSection
EndProject
Global
	GlobalSection(SolutionConfigurationPlatforms) = preSolution
		Debug|Any CPU = Debug|Any CPU
		Release|Any CPU = Release|Any CPU
	EndGlobalSection
	GlobalSection(ProjectConfigurationPlatforms) = postSolution
		{A84F447B-9741-48DC-A5A4-EF19E5AC11AE}.Debug|Any CPU.ActiveCfg = Debug|Any CPU
		{A84F447B-9741-48DC-A5A4-EF19E5AC11AE}.Debug|Any CPU.Build.0 = Debug|Any CPU
		{A84F447B-9741-48DC-A5A4-EF19E5AC11AE}.Release|Any CPU.ActiveCfg = Release|Any CPU
		{A84F447B-9741-48DC-A5A4-EF19E5AC11AE}.Release|Any CPU.Build.0 = Release|Any CPU
	EndGlobalSection
	GlobalSection(SolutionProperties) = preSolution
		HideSolutionNode = FALSE
	EndGlobalSection
	GlobalSection(ExtensibilityGlobals) = postSolution
		SolutionGuid = {8D585EA9-0C74-42C0-AA14-CB686CF807DB}
	EndGlobalSection
EndGlobal
